
Microsoft Visual Studio Solution File, Format Version 12.00
# Visual Studio Version 16
VisualStudioVersion = 16.0.30804.86
MinimumVisualStudioVersion = 10.0.40219.1
Project("{FAE04EC0-301F-11D3-BF4B-00C04F79EFBC}") = "Tipography", "Tipography\Tipography.csproj", "{5E82624D-A984-46E3-B5FD-61D544017394}"
EndProject
Global
	GlobalSection(SolutionConfigurationPlatforms) = preSolution
		Debug|Any CPU = Debug|Any CPU
		Release|Any CPU = Release|Any CPU
	EndGlobalSection
	GlobalSection(ProjectConfigurationPlatforms) = postSolution
		{5E82624D-A984-46E3-B5FD-61D544017394}.Debug|Any CPU.ActiveCfg = Debug|Any CPU
		{5E82624D-A984-46E3-B5FD-61D544017394}.Debug|Any CPU.Build.0 = Debug|Any CPU
		{5E82624D-A984-46E3-B5FD-61D544017394}.Release|Any CPU.ActiveCfg = Release|Any CPU
		{5E82624D-A984-46E3-B5FD-61D544017394}.Release|Any CPU.Build.0 = Release|Any CPU
	EndGlobalSection
	GlobalSection(SolutionProperties) = preSolution
		HideSolutionNode = FALSE
	EndGlobalSection
	GlobalSection(ExtensibilityGlobals) = postSolution
		SolutionGuid = {267331EE-6C7A-409D-AA4F-158F550FF541}
	EndGlobalSection
EndGlobal
